// !$*UTF8*$!
{
	archiveVersion = 1;
	classes = {
	};
	objectVersion = 52;
	objects = {

/* Begin PBXBuildFile section */
		F207AC1D28E6CFBF0081EF64 /* IdentifiablePlace.swift in Sources */ = {isa = PBXBuildFile; fileRef = F207AC1C28E6CFBF0081EF64 /* IdentifiablePlace.swift */; };
		F207AC2128E7247C0081EF64 /* SQLighter.swift in Sources */ = {isa = PBXBuildFile; fileRef = F207AC2028E7247C0081EF64 /* SQLighter.swift */; };
		F207AC2228E744BC0081EF64 /* RegionUpdateExtension.swift in Sources */ = {isa = PBXBuildFile; fileRef = F227EBFF23B8E80B007C6B2A /* RegionUpdateExtension.swift */; };
		F21186ED28FBF40E00109CD1 /* WidgetKit.framework in Frameworks */ = {isa = PBXBuildFile; fileRef = F21186EC28FBF40E00109CD1 /* WidgetKit.framework */; };
		F21186EF28FBF40E00109CD1 /* SwiftUI.framework in Frameworks */ = {isa = PBXBuildFile; fileRef = F21186EE28FBF40E00109CD1 /* SwiftUI.framework */; };
		F21186F228FBF40E00109CD1 /* TimeWidget.swift in Sources */ = {isa = PBXBuildFile; fileRef = F21186F128FBF40E00109CD1 /* TimeWidget.swift */; };
		F21186F428FBF40F00109CD1 /* Assets.xcassets in Resources */ = {isa = PBXBuildFile; fileRef = F21186F328FBF40F00109CD1 /* Assets.xcassets */; };
		F21186F828FBF40F00109CD1 /* TimeWidgetExtension.appex in Embed Foundation Extensions */ = {isa = PBXBuildFile; fileRef = F21186EA28FBF40E00109CD1 /* TimeWidgetExtension.appex */; settings = {ATTRIBUTES = (RemoveHeadersOnCopy, ); }; };
		F21186FD28FBF62300109CD1 /* FileManagerExtension.swift in Sources */ = {isa = PBXBuildFile; fileRef = F227EC0323B9FE2D007C6B2A /* FileManagerExtension.swift */; };
		F211870028FBF97D00109CD1 /* DataStore.swift in Sources */ = {isa = PBXBuildFile; fileRef = F21186FF28FBF97D00109CD1 /* DataStore.swift */; };
		F211870328FBFD6F00109CD1 /* RegionUpdateExtension.swift in Sources */ = {isa = PBXBuildFile; fileRef = F227EBFF23B8E80B007C6B2A /* RegionUpdateExtension.swift */; };
		F211870428FBFD8B00109CD1 /* UpdateType.swift in Sources */ = {isa = PBXBuildFile; fileRef = F227EC0123B8E9C3007C6B2A /* UpdateType.swift */; };
		F211870828FBFEF200109CD1 /* Lighter in Frameworks */ = {isa = PBXBuildFile; productRef = F211870728FBFEF200109CD1 /* Lighter */; };
		F211870C28FC049A00109CD1 /* SQLighter.swift in Sources */ = {isa = PBXBuildFile; fileRef = F207AC2028E7247C0081EF64 /* SQLighter.swift */; };
		F227EC0223B8E9C3007C6B2A /* UpdateType.swift in Sources */ = {isa = PBXBuildFile; fileRef = F227EC0123B8E9C3007C6B2A /* UpdateType.swift */; };
		F227EC0423B9FE2D007C6B2A /* FileManagerExtension.swift in Sources */ = {isa = PBXBuildFile; fileRef = F227EC0323B9FE2D007C6B2A /* FileManagerExtension.swift */; };
		F227EC0A23BA6209007C6B2A /* DayEntry.swift in Sources */ = {isa = PBXBuildFile; fileRef = F227EC0923BA6209007C6B2A /* DayEntry.swift */; };
		F228A4C628E78751007EF4E3 /* DurationChart.swift in Sources */ = {isa = PBXBuildFile; fileRef = F228A4C528E78751007EF4E3 /* DurationChart.swift */; };
		F228A4C828E831A0007EF4E3 /* EntryListView.swift in Sources */ = {isa = PBXBuildFile; fileRef = F228A4C728E831A0007EF4E3 /* EntryListView.swift */; };
		F228A4D828E96ECA007EF4E3 /* DayEntriesCalculatorTests.swift in Sources */ = {isa = PBXBuildFile; fileRef = F228A4D728E96ECA007EF4E3 /* DayEntriesCalculatorTests.swift */; };
		F228A4DB28EAD356007EF4E3 /* Lighter in Frameworks */ = {isa = PBXBuildFile; productRef = F228A4DA28EAD356007EF4E3 /* Lighter */; };
		F262BC4223B73012006EE628 /* AppDelegate.swift in Sources */ = {isa = PBXBuildFile; fileRef = F262BC4123B73012006EE628 /* AppDelegate.swift */; };
		F262BC4423B73012006EE628 /* SceneDelegate.swift in Sources */ = {isa = PBXBuildFile; fileRef = F262BC4323B73012006EE628 /* SceneDelegate.swift */; };
		F262BC4623B73012006EE628 /* OutsideDurationOverviewView.swift in Sources */ = {isa = PBXBuildFile; fileRef = F262BC4523B73012006EE628 /* OutsideDurationOverviewView.swift */; };
		F262BC4823B7301D006EE628 /* Assets.xcassets in Resources */ = {isa = PBXBuildFile; fileRef = F262BC4723B7301D006EE628 /* Assets.xcassets */; };
		F262BC4B23B7301D006EE628 /* Preview Assets.xcassets in Resources */ = {isa = PBXBuildFile; fileRef = F262BC4A23B7301D006EE628 /* Preview Assets.xcassets */; };
		F262BC4E23B7301D006EE628 /* LaunchScreen.storyboard in Resources */ = {isa = PBXBuildFile; fileRef = F262BC4C23B7301D006EE628 /* LaunchScreen.storyboard */; };
		F262BC5923B74C89006EE628 /* LocationProvider.swift in Sources */ = {isa = PBXBuildFile; fileRef = F262BC5823B74C89006EE628 /* LocationProvider.swift */; };
		F27948C9285C68FF00DAF5E0 /* NotMonitoringRegionView.swift in Sources */ = {isa = PBXBuildFile; fileRef = F27948C8285C68FF00DAF5E0 /* NotMonitoringRegionView.swift */; };
		F27948CB285F133400DAF5E0 /* HeaderView.swift in Sources */ = {isa = PBXBuildFile; fileRef = F27948CA285F133400DAF5E0 /* HeaderView.swift */; };
		F27948CD285F14B600DAF5E0 /* OutsideDurationChartView.swift in Sources */ = {isa = PBXBuildFile; fileRef = F27948CC285F14B600DAF5E0 /* OutsideDurationChartView.swift */; };
		F27948CF285F69B100DAF5E0 /* Coordinate.swift in Sources */ = {isa = PBXBuildFile; fileRef = F27948CE285F69B100DAF5E0 /* Coordinate.swift */; };
		F2A029BB247910CE00E1C053 /* DayEntriesCalculator.swift in Sources */ = {isa = PBXBuildFile; fileRef = F2A029BA247910CE00E1C053 /* DayEntriesCalculator.swift */; };
		F2CC311F28F874C600EA653E /* RegionsView.swift in Sources */ = {isa = PBXBuildFile; fileRef = F2CC311E28F874C600EA653E /* RegionsView.swift */; };
		F2CC312128F875DD00EA653E /* MonitoredRegion.swift in Sources */ = {isa = PBXBuildFile; fileRef = F2CC312028F875DD00EA653E /* MonitoredRegion.swift */; };
/* End PBXBuildFile section */

/* Begin PBXContainerItemProxy section */
		F21186F628FBF40F00109CD1 /* PBXContainerItemProxy */ = {
			isa = PBXContainerItemProxy;
			containerPortal = F262BC3623B73012006EE628 /* Project object */;
			proxyType = 1;
			remoteGlobalIDString = F21186E928FBF40E00109CD1;
			remoteInfo = TimeWidgetExtension;
		};
		F228A4D228E96EA3007EF4E3 /* PBXContainerItemProxy */ = {
			isa = PBXContainerItemProxy;
			containerPortal = F262BC3623B73012006EE628 /* Project object */;
			proxyType = 1;
			remoteGlobalIDString = F262BC3D23B73012006EE628;
			remoteInfo = IntoTheWild;
		};
/* End PBXContainerItemProxy section */

/* Begin PBXCopyFilesBuildPhase section */
		F21186FC28FBF40F00109CD1 /* Embed Foundation Extensions */ = {
			isa = PBXCopyFilesBuildPhase;
			buildActionMask = 2147483647;
			dstPath = "";
			dstSubfolderSpec = 13;
			files = (
				F21186F828FBF40F00109CD1 /* TimeWidgetExtension.appex in Embed Foundation Extensions */,
			);
			name = "Embed Foundation Extensions";
			runOnlyForDeploymentPostprocessing = 0;
		};
/* End PBXCopyFilesBuildPhase section */

/* Begin PBXFileReference section */
		F207AC1C28E6CFBF0081EF64 /* IdentifiablePlace.swift */ = {isa = PBXFileReference; lastKnownFileType = sourcecode.swift; path = IdentifiablePlace.swift; sourceTree = "<group>"; };
		F207AC2028E7247C0081EF64 /* SQLighter.swift */ = {isa = PBXFileReference; lastKnownFileType = sourcecode.swift; path = SQLighter.swift; sourceTree = "<group>"; };
		F21186E528FBF3A100109CD1 /* IntoTheWild.entitlements */ = {isa = PBXFileReference; lastKnownFileType = text.plist.entitlements; path = IntoTheWild.entitlements; sourceTree = "<group>"; };
		F21186EA28FBF40E00109CD1 /* TimeWidgetExtension.appex */ = {isa = PBXFileReference; explicitFileType = "wrapper.app-extension"; includeInIndex = 0; path = TimeWidgetExtension.appex; sourceTree = BUILT_PRODUCTS_DIR; };
		F21186EC28FBF40E00109CD1 /* WidgetKit.framework */ = {isa = PBXFileReference; lastKnownFileType = wrapper.framework; name = WidgetKit.framework; path = System/Library/Frameworks/WidgetKit.framework; sourceTree = SDKROOT; };
		F21186EE28FBF40E00109CD1 /* SwiftUI.framework */ = {isa = PBXFileReference; lastKnownFileType = wrapper.framework; name = SwiftUI.framework; path = System/Library/Frameworks/SwiftUI.framework; sourceTree = SDKROOT; };
		F21186F128FBF40E00109CD1 /* TimeWidget.swift */ = {isa = PBXFileReference; lastKnownFileType = sourcecode.swift; path = TimeWidget.swift; sourceTree = "<group>"; };
		F21186F328FBF40F00109CD1 /* Assets.xcassets */ = {isa = PBXFileReference; lastKnownFileType = folder.assetcatalog; path = Assets.xcassets; sourceTree = "<group>"; };
		F21186F528FBF40F00109CD1 /* Info.plist */ = {isa = PBXFileReference; lastKnownFileType = text.plist.xml; path = Info.plist; sourceTree = "<group>"; };
		F21186FF28FBF97D00109CD1 /* DataStore.swift */ = {isa = PBXFileReference; lastKnownFileType = sourcecode.swift; path = DataStore.swift; sourceTree = "<group>"; };
		F211870B28FBFF9E00109CD1 /* TimeWidgetExtension.entitlements */ = {isa = PBXFileReference; lastKnownFileType = text.plist.entitlements; path = TimeWidgetExtension.entitlements; sourceTree = "<group>"; };
		F227EBFF23B8E80B007C6B2A /* RegionUpdateExtension.swift */ = {isa = PBXFileReference; lastKnownFileType = sourcecode.swift; path = RegionUpdateExtension.swift; sourceTree = "<group>"; };
		F227EC0123B8E9C3007C6B2A /* UpdateType.swift */ = {isa = PBXFileReference; lastKnownFileType = sourcecode.swift; path = UpdateType.swift; sourceTree = "<group>"; };
		F227EC0323B9FE2D007C6B2A /* FileManagerExtension.swift */ = {isa = PBXFileReference; lastKnownFileType = sourcecode.swift; path = FileManagerExtension.swift; sourceTree = "<group>"; };
		F227EC0923BA6209007C6B2A /* DayEntry.swift */ = {isa = PBXFileReference; lastKnownFileType = sourcecode.swift; path = DayEntry.swift; sourceTree = "<group>"; };
		F228A4C528E78751007EF4E3 /* DurationChart.swift */ = {isa = PBXFileReference; lastKnownFileType = sourcecode.swift; path = DurationChart.swift; sourceTree = "<group>"; };
		F228A4C728E831A0007EF4E3 /* EntryListView.swift */ = {isa = PBXFileReference; lastKnownFileType = sourcecode.swift; path = EntryListView.swift; sourceTree = "<group>"; };
		F228A4CE28E96EA3007EF4E3 /* BeenOutsideTests.xctest */ = {isa = PBXFileReference; explicitFileType = wrapper.cfbundle; includeInIndex = 0; path = BeenOutsideTests.xctest; sourceTree = BUILT_PRODUCTS_DIR; };
		F228A4D728E96ECA007EF4E3 /* DayEntriesCalculatorTests.swift */ = {isa = PBXFileReference; lastKnownFileType = sourcecode.swift; path = DayEntriesCalculatorTests.swift; sourceTree = "<group>"; };
		F262BC3E23B73012006EE628 /* BeenOutside.app */ = {isa = PBXFileReference; explicitFileType = wrapper.application; includeInIndex = 0; path = BeenOutside.app; sourceTree = BUILT_PRODUCTS_DIR; };
		F262BC4123B73012006EE628 /* AppDelegate.swift */ = {isa = PBXFileReference; lastKnownFileType = sourcecode.swift; path = AppDelegate.swift; sourceTree = "<group>"; };
		F262BC4323B73012006EE628 /* SceneDelegate.swift */ = {isa = PBXFileReference; lastKnownFileType = sourcecode.swift; path = SceneDelegate.swift; sourceTree = "<group>"; };
		F262BC4523B73012006EE628 /* OutsideDurationOverviewView.swift */ = {isa = PBXFileReference; lastKnownFileType = sourcecode.swift; path = OutsideDurationOverviewView.swift; sourceTree = "<group>"; };
		F262BC4723B7301D006EE628 /* Assets.xcassets */ = {isa = PBXFileReference; lastKnownFileType = folder.assetcatalog; path = Assets.xcassets; sourceTree = "<group>"; };
		F262BC4A23B7301D006EE628 /* Preview Assets.xcassets */ = {isa = PBXFileReference; lastKnownFileType = folder.assetcatalog; path = "Preview Assets.xcassets"; sourceTree = "<group>"; };
		F262BC4D23B7301D006EE628 /* Base */ = {isa = PBXFileReference; lastKnownFileType = file.storyboard; name = Base; path = Base.lproj/LaunchScreen.storyboard; sourceTree = "<group>"; };
		F262BC4F23B7301D006EE628 /* Info.plist */ = {isa = PBXFileReference; lastKnownFileType = text.plist.xml; path = Info.plist; sourceTree = "<group>"; };
		F262BC5823B74C89006EE628 /* LocationProvider.swift */ = {isa = PBXFileReference; lastKnownFileType = sourcecode.swift; path = LocationProvider.swift; sourceTree = "<group>"; };
		F27948C8285C68FF00DAF5E0 /* NotMonitoringRegionView.swift */ = {isa = PBXFileReference; lastKnownFileType = sourcecode.swift; path = NotMonitoringRegionView.swift; sourceTree = "<group>"; };
		F27948CA285F133400DAF5E0 /* HeaderView.swift */ = {isa = PBXFileReference; lastKnownFileType = sourcecode.swift; path = HeaderView.swift; sourceTree = "<group>"; };
		F27948CC285F14B600DAF5E0 /* OutsideDurationChartView.swift */ = {isa = PBXFileReference; lastKnownFileType = sourcecode.swift; path = OutsideDurationChartView.swift; sourceTree = "<group>"; };
		F27948CE285F69B100DAF5E0 /* Coordinate.swift */ = {isa = PBXFileReference; lastKnownFileType = sourcecode.swift; path = Coordinate.swift; sourceTree = "<group>"; };
		F2A029BA247910CE00E1C053 /* DayEntriesCalculator.swift */ = {isa = PBXFileReference; lastKnownFileType = sourcecode.swift; path = DayEntriesCalculator.swift; sourceTree = "<group>"; };
		F2CC311E28F874C600EA653E /* RegionsView.swift */ = {isa = PBXFileReference; lastKnownFileType = sourcecode.swift; path = RegionsView.swift; sourceTree = "<group>"; };
		F2CC312028F875DD00EA653E /* MonitoredRegion.swift */ = {isa = PBXFileReference; lastKnownFileType = sourcecode.swift; path = MonitoredRegion.swift; sourceTree = "<group>"; };
/* End PBXFileReference section */

/* Begin PBXFrameworksBuildPhase section */
		F21186E728FBF40E00109CD1 /* Frameworks */ = {
			isa = PBXFrameworksBuildPhase;
			buildActionMask = 2147483647;
			files = (
				F211870828FBFEF200109CD1 /* Lighter in Frameworks */,
				F21186EF28FBF40E00109CD1 /* SwiftUI.framework in Frameworks */,
				F21186ED28FBF40E00109CD1 /* WidgetKit.framework in Frameworks */,
			);
			runOnlyForDeploymentPostprocessing = 0;
		};
		F228A4CB28E96EA3007EF4E3 /* Frameworks */ = {
			isa = PBXFrameworksBuildPhase;
			buildActionMask = 2147483647;
			files = (
			);
			runOnlyForDeploymentPostprocessing = 0;
		};
		F262BC3B23B73012006EE628 /* Frameworks */ = {
			isa = PBXFrameworksBuildPhase;
			buildActionMask = 2147483647;
			files = (
				F228A4DB28EAD356007EF4E3 /* Lighter in Frameworks */,
			);
			runOnlyForDeploymentPostprocessing = 0;
		};
/* End PBXFrameworksBuildPhase section */

/* Begin PBXGroup section */
		F21186EB28FBF40E00109CD1 /* Frameworks */ = {
			isa = PBXGroup;
			children = (
				F21186EC28FBF40E00109CD1 /* WidgetKit.framework */,
				F21186EE28FBF40E00109CD1 /* SwiftUI.framework */,
			);
			name = Frameworks;
			sourceTree = "<group>";
		};
		F21186F028FBF40E00109CD1 /* TimeWidget */ = {
			isa = PBXGroup;
			children = (
				F21186F128FBF40E00109CD1 /* TimeWidget.swift */,
				F21186F328FBF40F00109CD1 /* Assets.xcassets */,
				F21186F528FBF40F00109CD1 /* Info.plist */,
			);
			path = TimeWidget;
			sourceTree = "<group>";
		};
		F228A4C928E831A7007EF4E3 /* EntryList */ = {
			isa = PBXGroup;
			children = (
				F228A4C728E831A0007EF4E3 /* EntryListView.swift */,
			);
			path = EntryList;
			sourceTree = "<group>";
		};
		F228A4CF28E96EA3007EF4E3 /* IntoTheWildTests */ = {
			isa = PBXGroup;
			children = (
				F228A4D728E96ECA007EF4E3 /* DayEntriesCalculatorTests.swift */,
			);
			path = IntoTheWildTests;
			sourceTree = "<group>";
		};
		F262BC3523B73012006EE628 = {
			isa = PBXGroup;
			children = (
				F211870B28FBFF9E00109CD1 /* TimeWidgetExtension.entitlements */,
				F262BC4023B73012006EE628 /* IntoTheWild */,
				F228A4CF28E96EA3007EF4E3 /* IntoTheWildTests */,
				F21186F028FBF40E00109CD1 /* TimeWidget */,
				F21186EB28FBF40E00109CD1 /* Frameworks */,
				F262BC3F23B73012006EE628 /* Products */,
			);
			sourceTree = "<group>";
		};
		F262BC3F23B73012006EE628 /* Products */ = {
			isa = PBXGroup;
			children = (
				F262BC3E23B73012006EE628 /* BeenOutside.app */,
				F228A4CE28E96EA3007EF4E3 /* BeenOutsideTests.xctest */,
				F21186EA28FBF40E00109CD1 /* TimeWidgetExtension.appex */,
			);
			name = Products;
			sourceTree = "<group>";
		};
		F262BC4023B73012006EE628 /* IntoTheWild */ = {
			isa = PBXGroup;
			children = (
				F21186E528FBF3A100109CD1 /* IntoTheWild.entitlements */,
				F262BC4123B73012006EE628 /* AppDelegate.swift */,
				F262BC4323B73012006EE628 /* SceneDelegate.swift */,
				F2A37FBC28DE493C00B4DAEF /* Views */,
				F2A37FBB28DE492100B4DAEF /* Model */,
				F227EC0323B9FE2D007C6B2A /* FileManagerExtension.swift */,
				F207AC2028E7247C0081EF64 /* SQLighter.swift */,
				F262BC4723B7301D006EE628 /* Assets.xcassets */,
				F262BC4C23B7301D006EE628 /* LaunchScreen.storyboard */,
				F262BC4F23B7301D006EE628 /* Info.plist */,
				F262BC4923B7301D006EE628 /* Preview Content */,
			);
			path = IntoTheWild;
			sourceTree = "<group>";
		};
		F262BC4923B7301D006EE628 /* Preview Content */ = {
			isa = PBXGroup;
			children = (
				F262BC4A23B7301D006EE628 /* Preview Assets.xcassets */,
			);
			path = "Preview Content";
			sourceTree = "<group>";
		};
		F2A37FBB28DE492100B4DAEF /* Model */ = {
			isa = PBXGroup;
			children = (
				F262BC5823B74C89006EE628 /* LocationProvider.swift */,
				F21186FF28FBF97D00109CD1 /* DataStore.swift */,
				F2CC312028F875DD00EA653E /* MonitoredRegion.swift */,
				F207AC1C28E6CFBF0081EF64 /* IdentifiablePlace.swift */,
				F27948CE285F69B100DAF5E0 /* Coordinate.swift */,
				F2A029BA247910CE00E1C053 /* DayEntriesCalculator.swift */,
				F227EC0923BA6209007C6B2A /* DayEntry.swift */,
				F227EBFF23B8E80B007C6B2A /* RegionUpdateExtension.swift */,
				F227EC0123B8E9C3007C6B2A /* UpdateType.swift */,
			);
			path = Model;
			sourceTree = "<group>";
		};
		F2A37FBC28DE493C00B4DAEF /* Views */ = {
			isa = PBXGroup;
			children = (
				F262BC4523B73012006EE628 /* OutsideDurationOverviewView.swift */,
				F27948CA285F133400DAF5E0 /* HeaderView.swift */,
				F27948CC285F14B600DAF5E0 /* OutsideDurationChartView.swift */,
				F228A4C528E78751007EF4E3 /* DurationChart.swift */,
				F27948C8285C68FF00DAF5E0 /* NotMonitoringRegionView.swift */,
				F2CC312228F973C900EA653E /* Regions */,
				F228A4C928E831A7007EF4E3 /* EntryList */,
			);
			path = Views;
			sourceTree = "<group>";
		};
		F2CC312228F973C900EA653E /* Regions */ = {
			isa = PBXGroup;
			children = (
				F2CC311E28F874C600EA653E /* RegionsView.swift */,
			);
			path = Regions;
			sourceTree = "<group>";
		};
/* End PBXGroup section */

/* Begin PBXNativeTarget section */
		F21186E928FBF40E00109CD1 /* TimeWidgetExtension */ = {
			isa = PBXNativeTarget;
			buildConfigurationList = F21186F928FBF40F00109CD1 /* Build configuration list for PBXNativeTarget "TimeWidgetExtension" */;
			buildPhases = (
				F21186E628FBF40E00109CD1 /* Sources */,
				F21186E728FBF40E00109CD1 /* Frameworks */,
				F21186E828FBF40E00109CD1 /* Resources */,
			);
			buildRules = (
			);
			dependencies = (
			);
			name = TimeWidgetExtension;
			packageProductDependencies = (
				F211870728FBFEF200109CD1 /* Lighter */,
			);
			productName = TimeWidgetExtension;
			productReference = F21186EA28FBF40E00109CD1 /* TimeWidgetExtension.appex */;
			productType = "com.apple.product-type.app-extension";
		};
		F228A4CD28E96EA3007EF4E3 /* BeenOutsideTests */ = {
			isa = PBXNativeTarget;
			buildConfigurationList = F228A4D428E96EA3007EF4E3 /* Build configuration list for PBXNativeTarget "BeenOutsideTests" */;
			buildPhases = (
				F228A4CA28E96EA3007EF4E3 /* Sources */,
				F228A4CB28E96EA3007EF4E3 /* Frameworks */,
				F228A4CC28E96EA3007EF4E3 /* Resources */,
			);
			buildRules = (
			);
			dependencies = (
				F228A4D328E96EA3007EF4E3 /* PBXTargetDependency */,
			);
			name = BeenOutsideTests;
			productName = IntoTheWildTests;
			productReference = F228A4CE28E96EA3007EF4E3 /* BeenOutsideTests.xctest */;
			productType = "com.apple.product-type.bundle.unit-test";
		};
		F262BC3D23B73012006EE628 /* BeenOutside */ = {
			isa = PBXNativeTarget;
			buildConfigurationList = F262BC5223B7301D006EE628 /* Build configuration list for PBXNativeTarget "BeenOutside" */;
			buildPhases = (
				F262BC3A23B73012006EE628 /* Sources */,
				F262BC3B23B73012006EE628 /* Frameworks */,
				F262BC3C23B73012006EE628 /* Resources */,
				F21186FC28FBF40F00109CD1 /* Embed Foundation Extensions */,
			);
			buildRules = (
			);
			dependencies = (
				F21186F728FBF40F00109CD1 /* PBXTargetDependency */,
			);
			name = BeenOutside;
			packageProductDependencies = (
				F228A4DA28EAD356007EF4E3 /* Lighter */,
			);
			productName = IntoTheWild;
			productReference = F262BC3E23B73012006EE628 /* BeenOutside.app */;
			productType = "com.apple.product-type.application";
		};
/* End PBXNativeTarget section */

/* Begin PBXProject section */
		F262BC3623B73012006EE628 /* Project object */ = {
			isa = PBXProject;
			attributes = {
				LastSwiftUpdateCheck = 1400;
				LastUpgradeCheck = 1400;
				ORGANIZATIONNAME = dasdom;
				TargetAttributes = {
					F21186E928FBF40E00109CD1 = {
						CreatedOnToolsVersion = 14.0;
					};
					F228A4CD28E96EA3007EF4E3 = {
						CreatedOnToolsVersion = 14.0;
						TestTargetID = F262BC3D23B73012006EE628;
					};
					F262BC3D23B73012006EE628 = {
						CreatedOnToolsVersion = 11.3;
					};
				};
			};
			buildConfigurationList = F262BC3923B73012006EE628 /* Build configuration list for PBXProject "BeenOutside" */;
			compatibilityVersion = "Xcode 9.3";
			developmentRegion = en;
			hasScannedForEncodings = 0;
			knownRegions = (
				en,
				Base,
			);
			mainGroup = F262BC3523B73012006EE628;
			packageReferences = (
				F228A4D928EAD356007EF4E3 /* XCRemoteSwiftPackageReference "Lighter" */,
			);
			productRefGroup = F262BC3F23B73012006EE628 /* Products */;
			projectDirPath = "";
			projectRoot = "";
			targets = (
				F262BC3D23B73012006EE628 /* BeenOutside */,
				F228A4CD28E96EA3007EF4E3 /* BeenOutsideTests */,
				F21186E928FBF40E00109CD1 /* TimeWidgetExtension */,
			);
		};
/* End PBXProject section */

/* Begin PBXResourcesBuildPhase section */
		F21186E828FBF40E00109CD1 /* Resources */ = {
			isa = PBXResourcesBuildPhase;
			buildActionMask = 2147483647;
			files = (
				F21186F428FBF40F00109CD1 /* Assets.xcassets in Resources */,
			);
			runOnlyForDeploymentPostprocessing = 0;
		};
		F228A4CC28E96EA3007EF4E3 /* Resources */ = {
			isa = PBXResourcesBuildPhase;
			buildActionMask = 2147483647;
			files = (
			);
			runOnlyForDeploymentPostprocessing = 0;
		};
		F262BC3C23B73012006EE628 /* Resources */ = {
			isa = PBXResourcesBuildPhase;
			buildActionMask = 2147483647;
			files = (
				F262BC4E23B7301D006EE628 /* LaunchScreen.storyboard in Resources */,
				F262BC4B23B7301D006EE628 /* Preview Assets.xcassets in Resources */,
				F262BC4823B7301D006EE628 /* Assets.xcassets in Resources */,
			);
			runOnlyForDeploymentPostprocessing = 0;
		};
/* End PBXResourcesBuildPhase section */

/* Begin PBXSourcesBuildPhase section */
		F21186E628FBF40E00109CD1 /* Sources */ = {
			isa = PBXSourcesBuildPhase;
			buildActionMask = 2147483647;
			files = (
				F211870328FBFD6F00109CD1 /* RegionUpdateExtension.swift in Sources */,
				F21186F228FBF40E00109CD1 /* TimeWidget.swift in Sources */,
				F211870428FBFD8B00109CD1 /* UpdateType.swift in Sources */,
				F21186FD28FBF62300109CD1 /* FileManagerExtension.swift in Sources */,
				F211870C28FC049A00109CD1 /* SQLighter.swift in Sources */,
			);
			runOnlyForDeploymentPostprocessing = 0;
		};
		F228A4CA28E96EA3007EF4E3 /* Sources */ = {
			isa = PBXSourcesBuildPhase;
			buildActionMask = 2147483647;
			files = (
				F228A4D828E96ECA007EF4E3 /* DayEntriesCalculatorTests.swift in Sources */,
			);
			runOnlyForDeploymentPostprocessing = 0;
		};
		F262BC3A23B73012006EE628 /* Sources */ = {
			isa = PBXSourcesBuildPhase;
			buildActionMask = 2147483647;
			files = (
				F2A029BB247910CE00E1C053 /* DayEntriesCalculator.swift in Sources */,
				F27948CD285F14B600DAF5E0 /* OutsideDurationChartView.swift in Sources */,
				F207AC2228E744BC0081EF64 /* RegionUpdateExtension.swift in Sources */,
				F262BC4223B73012006EE628 /* AppDelegate.swift in Sources */,
				F262BC5923B74C89006EE628 /* LocationProvider.swift in Sources */,
				F227EC0423B9FE2D007C6B2A /* FileManagerExtension.swift in Sources */,
				F2CC311F28F874C600EA653E /* RegionsView.swift in Sources */,
				F228A4C628E78751007EF4E3 /* DurationChart.swift in Sources */,
				F207AC1D28E6CFBF0081EF64 /* IdentifiablePlace.swift in Sources */,
				F227EC0223B8E9C3007C6B2A /* UpdateType.swift in Sources */,
				F2CC312128F875DD00EA653E /* MonitoredRegion.swift in Sources */,
				F227EC0A23BA6209007C6B2A /* DayEntry.swift in Sources */,
				F27948CB285F133400DAF5E0 /* HeaderView.swift in Sources */,
				F211870028FBF97D00109CD1 /* DataStore.swift in Sources */,
				F27948CF285F69B100DAF5E0 /* Coordinate.swift in Sources */,
				F262BC4423B73012006EE628 /* SceneDelegate.swift in Sources */,
				F27948C9285C68FF00DAF5E0 /* NotMonitoringRegionView.swift in Sources */,
				F228A4C828E831A0007EF4E3 /* EntryListView.swift in Sources */,
				F262BC4623B73012006EE628 /* OutsideDurationOverviewView.swift in Sources */,
				F207AC2128E7247C0081EF64 /* SQLighter.swift in Sources */,
			);
			runOnlyForDeploymentPostprocessing = 0;
		};
/* End PBXSourcesBuildPhase section */

/* Begin PBXTargetDependency section */
		F21186F728FBF40F00109CD1 /* PBXTargetDependency */ = {
			isa = PBXTargetDependency;
			target = F21186E928FBF40E00109CD1 /* TimeWidgetExtension */;
			targetProxy = F21186F628FBF40F00109CD1 /* PBXContainerItemProxy */;
		};
		F228A4D328E96EA3007EF4E3 /* PBXTargetDependency */ = {
			isa = PBXTargetDependency;
			target = F262BC3D23B73012006EE628 /* BeenOutside */;
			targetProxy = F228A4D228E96EA3007EF4E3 /* PBXContainerItemProxy */;
		};
/* End PBXTargetDependency section */

/* Begin PBXVariantGroup section */
		F262BC4C23B7301D006EE628 /* LaunchScreen.storyboard */ = {
			isa = PBXVariantGroup;
			children = (
				F262BC4D23B7301D006EE628 /* Base */,
			);
			name = LaunchScreen.storyboard;
			sourceTree = "<group>";
		};
/* End PBXVariantGroup section */

/* Begin XCBuildConfiguration section */
		F21186FA28FBF40F00109CD1 /* Debug */ = {
			isa = XCBuildConfiguration;
			buildSettings = {
				ASSETCATALOG_COMPILER_GLOBAL_ACCENT_COLOR_NAME = AccentColor;
				ASSETCATALOG_COMPILER_WIDGET_BACKGROUND_COLOR_NAME = WidgetBackground;
				CLANG_CXX_LANGUAGE_STANDARD = "gnu++20";
				CODE_SIGN_ENTITLEMENTS = TimeWidgetExtension.entitlements;
				CODE_SIGN_STYLE = Automatic;
				CURRENT_PROJECT_VERSION = 7;
				DEVELOPMENT_TEAM = Q6PD97MRX4;
				GENERATE_INFOPLIST_FILE = YES;
				INFOPLIST_FILE = TimeWidget/Info.plist;
				INFOPLIST_KEY_CFBundleDisplayName = TimeWidget;
				INFOPLIST_KEY_NSHumanReadableCopyright = "Copyright © 2022 dasdom. All rights reserved.";
				IPHONEOS_DEPLOYMENT_TARGET = 16.0;
				LD_RUNPATH_SEARCH_PATHS = (
					"$(inherited)",
					"@executable_path/Frameworks",
					"@executable_path/../../Frameworks",
				);
				MARKETING_VERSION = 1.0;
				PRODUCT_BUNDLE_IDENTIFIER = de.dasdom.beenoutside.TimeWidget;
				PRODUCT_NAME = "$(TARGET_NAME)";
				SKIP_INSTALL = YES;
				SWIFT_EMIT_LOC_STRINGS = YES;
				SWIFT_VERSION = 5.0;
				TARGETED_DEVICE_FAMILY = "1,2";
			};
			name = Debug;
		};
		F21186FB28FBF40F00109CD1 /* Release */ = {
			isa = XCBuildConfiguration;
			buildSettings = {
				ASSETCATALOG_COMPILER_GLOBAL_ACCENT_COLOR_NAME = AccentColor;
				ASSETCATALOG_COMPILER_WIDGET_BACKGROUND_COLOR_NAME = WidgetBackground;
				CLANG_CXX_LANGUAGE_STANDARD = "gnu++20";
				CODE_SIGN_ENTITLEMENTS = TimeWidgetExtension.entitlements;
				CODE_SIGN_STYLE = Automatic;
				CURRENT_PROJECT_VERSION = 7;
				DEVELOPMENT_TEAM = Q6PD97MRX4;
				GENERATE_INFOPLIST_FILE = YES;
				INFOPLIST_FILE = TimeWidget/Info.plist;
				INFOPLIST_KEY_CFBundleDisplayName = TimeWidget;
				INFOPLIST_KEY_NSHumanReadableCopyright = "Copyright © 2022 dasdom. All rights reserved.";
				IPHONEOS_DEPLOYMENT_TARGET = 16.0;
				LD_RUNPATH_SEARCH_PATHS = (
					"$(inherited)",
					"@executable_path/Frameworks",
					"@executable_path/../../Frameworks",
				);
				MARKETING_VERSION = 1.0;
				PRODUCT_BUNDLE_IDENTIFIER = de.dasdom.beenoutside.TimeWidget;
				PRODUCT_NAME = "$(TARGET_NAME)";
				SKIP_INSTALL = YES;
				SWIFT_EMIT_LOC_STRINGS = YES;
				SWIFT_VERSION = 5.0;
				TARGETED_DEVICE_FAMILY = "1,2";
			};
			name = Release;
		};
		F228A4D528E96EA3007EF4E3 /* Debug */ = {
			isa = XCBuildConfiguration;
			buildSettings = {
				BUNDLE_LOADER = "$(TEST_HOST)";
				CLANG_CXX_LANGUAGE_STANDARD = "gnu++20";
				CODE_SIGN_STYLE = Automatic;
				CURRENT_PROJECT_VERSION = 1;
				DEVELOPMENT_TEAM = Q6PD97MRX4;
				GENERATE_INFOPLIST_FILE = YES;
				IPHONEOS_DEPLOYMENT_TARGET = 16.0;
				MARKETING_VERSION = 1.0;
				PRODUCT_BUNDLE_IDENTIFIER = de.dasdom.IntoTheWildTests;
				PRODUCT_NAME = "$(TARGET_NAME)";
				SWIFT_EMIT_LOC_STRINGS = NO;
				SWIFT_VERSION = 5.0;
				TARGETED_DEVICE_FAMILY = "1,2";
				TEST_HOST = "$(BUILT_PRODUCTS_DIR)/BeenOutside.app/$(BUNDLE_EXECUTABLE_FOLDER_PATH)/BeenOutside";
			};
			name = Debug;
		};
		F228A4D628E96EA3007EF4E3 /* Release */ = {
			isa = XCBuildConfiguration;
			buildSettings = {
				BUNDLE_LOADER = "$(TEST_HOST)";
				CLANG_CXX_LANGUAGE_STANDARD = "gnu++20";
				CODE_SIGN_STYLE = Automatic;
				CURRENT_PROJECT_VERSION = 1;
				DEVELOPMENT_TEAM = Q6PD97MRX4;
				GENERATE_INFOPLIST_FILE = YES;
				IPHONEOS_DEPLOYMENT_TARGET = 16.0;
				MARKETING_VERSION = 1.0;
				PRODUCT_BUNDLE_IDENTIFIER = de.dasdom.IntoTheWildTests;
				PRODUCT_NAME = "$(TARGET_NAME)";
				SWIFT_EMIT_LOC_STRINGS = NO;
				SWIFT_VERSION = 5.0;
				TARGETED_DEVICE_FAMILY = "1,2";
				TEST_HOST = "$(BUILT_PRODUCTS_DIR)/BeenOutside.app/$(BUNDLE_EXECUTABLE_FOLDER_PATH)/BeenOutside";
			};
			name = Release;
		};
		F262BC5023B7301D006EE628 /* Debug */ = {
			isa = XCBuildConfiguration;
			buildSettings = {
				ALWAYS_SEARCH_USER_PATHS = NO;
				CLANG_ANALYZER_NONNULL = YES;
				CLANG_ANALYZER_NUMBER_OBJECT_CONVERSION = YES_AGGRESSIVE;
				CLANG_CXX_LANGUAGE_STANDARD = "gnu++14";
				CLANG_CXX_LIBRARY = "libc++";
				CLANG_ENABLE_MODULES = YES;
				CLANG_ENABLE_OBJC_ARC = YES;
				CLANG_ENABLE_OBJC_WEAK = YES;
				CLANG_WARN_BLOCK_CAPTURE_AUTORELEASING = YES;
				CLANG_WARN_BOOL_CONVERSION = YES;
				CLANG_WARN_COMMA = YES;
				CLANG_WARN_CONSTANT_CONVERSION = YES;
				CLANG_WARN_DEPRECATED_OBJC_IMPLEMENTATIONS = YES;
				CLANG_WARN_DIRECT_OBJC_ISA_USAGE = YES_ERROR;
				CLANG_WARN_DOCUMENTATION_COMMENTS = YES;
				CLANG_WARN_EMPTY_BODY = YES;
				CLANG_WARN_ENUM_CONVERSION = YES;
				CLANG_WARN_INFINITE_RECURSION = YES;
				CLANG_WARN_INT_CONVERSION = YES;
				CLANG_WARN_NON_LITERAL_NULL_CONVERSION = YES;
				CLANG_WARN_OBJC_IMPLICIT_RETAIN_SELF = YES;
				CLANG_WARN_OBJC_LITERAL_CONVERSION = YES;
				CLANG_WARN_OBJC_ROOT_CLASS = YES_ERROR;
				CLANG_WARN_QUOTED_INCLUDE_IN_FRAMEWORK_HEADER = YES;
				CLANG_WARN_RANGE_LOOP_ANALYSIS = YES;
				CLANG_WARN_STRICT_PROTOTYPES = YES;
				CLANG_WARN_SUSPICIOUS_MOVE = YES;
				CLANG_WARN_UNGUARDED_AVAILABILITY = YES_AGGRESSIVE;
				CLANG_WARN_UNREACHABLE_CODE = YES;
				CLANG_WARN__DUPLICATE_METHOD_MATCH = YES;
				COPY_PHASE_STRIP = NO;
				DEBUG_INFORMATION_FORMAT = dwarf;
				ENABLE_STRICT_OBJC_MSGSEND = YES;
				ENABLE_TESTABILITY = YES;
				GCC_C_LANGUAGE_STANDARD = gnu11;
				GCC_DYNAMIC_NO_PIC = NO;
				GCC_NO_COMMON_BLOCKS = YES;
				GCC_OPTIMIZATION_LEVEL = 0;
				GCC_PREPROCESSOR_DEFINITIONS = (
					"DEBUG=1",
					"$(inherited)",
				);
				GCC_WARN_64_TO_32_BIT_CONVERSION = YES;
				GCC_WARN_ABOUT_RETURN_TYPE = YES_ERROR;
				GCC_WARN_UNDECLARED_SELECTOR = YES;
				GCC_WARN_UNINITIALIZED_AUTOS = YES_AGGRESSIVE;
				GCC_WARN_UNUSED_FUNCTION = YES;
				GCC_WARN_UNUSED_VARIABLE = YES;
				IPHONEOS_DEPLOYMENT_TARGET = 13.2;
				MTL_ENABLE_DEBUG_INFO = INCLUDE_SOURCE;
				MTL_FAST_MATH = YES;
				ONLY_ACTIVE_ARCH = YES;
				SDKROOT = iphoneos;
				SWIFT_ACTIVE_COMPILATION_CONDITIONS = DEBUG;
				SWIFT_OPTIMIZATION_LEVEL = "-Onone";
			};
			name = Debug;
		};
		F262BC5123B7301D006EE628 /* Release */ = {
			isa = XCBuildConfiguration;
			buildSettings = {
				ALWAYS_SEARCH_USER_PATHS = NO;
				CLANG_ANALYZER_NONNULL = YES;
				CLANG_ANALYZER_NUMBER_OBJECT_CONVERSION = YES_AGGRESSIVE;
				CLANG_CXX_LANGUAGE_STANDARD = "gnu++14";
				CLANG_CXX_LIBRARY = "libc++";
				CLANG_ENABLE_MODULES = YES;
				CLANG_ENABLE_OBJC_ARC = YES;
				CLANG_ENABLE_OBJC_WEAK = YES;
				CLANG_WARN_BLOCK_CAPTURE_AUTORELEASING = YES;
				CLANG_WARN_BOOL_CONVERSION = YES;
				CLANG_WARN_COMMA = YES;
				CLANG_WARN_CONSTANT_CONVERSION = YES;
				CLANG_WARN_DEPRECATED_OBJC_IMPLEMENTATIONS = YES;
				CLANG_WARN_DIRECT_OBJC_ISA_USAGE = YES_ERROR;
				CLANG_WARN_DOCUMENTATION_COMMENTS = YES;
				CLANG_WARN_EMPTY_BODY = YES;
				CLANG_WARN_ENUM_CONVERSION = YES;
				CLANG_WARN_INFINITE_RECURSION = YES;
				CLANG_WARN_INT_CONVERSION = YES;
				CLANG_WARN_NON_LITERAL_NULL_CONVERSION = YES;
				CLANG_WARN_OBJC_IMPLICIT_RETAIN_SELF = YES;
				CLANG_WARN_OBJC_LITERAL_CONVERSION = YES;
				CLANG_WARN_OBJC_ROOT_CLASS = YES_ERROR;
				CLANG_WARN_QUOTED_INCLUDE_IN_FRAMEWORK_HEADER = YES;
				CLANG_WARN_RANGE_LOOP_ANALYSIS = YES;
				CLANG_WARN_STRICT_PROTOTYPES = YES;
				CLANG_WARN_SUSPICIOUS_MOVE = YES;
				CLANG_WARN_UNGUARDED_AVAILABILITY = YES_AGGRESSIVE;
				CLANG_WARN_UNREACHABLE_CODE = YES;
				CLANG_WARN__DUPLICATE_METHOD_MATCH = YES;
				COPY_PHASE_STRIP = NO;
				DEBUG_INFORMATION_FORMAT = "dwarf-with-dsym";
				ENABLE_NS_ASSERTIONS = NO;
				ENABLE_STRICT_OBJC_MSGSEND = YES;
				GCC_C_LANGUAGE_STANDARD = gnu11;
				GCC_NO_COMMON_BLOCKS = YES;
				GCC_WARN_64_TO_32_BIT_CONVERSION = YES;
				GCC_WARN_ABOUT_RETURN_TYPE = YES_ERROR;
				GCC_WARN_UNDECLARED_SELECTOR = YES;
				GCC_WARN_UNINITIALIZED_AUTOS = YES_AGGRESSIVE;
				GCC_WARN_UNUSED_FUNCTION = YES;
				GCC_WARN_UNUSED_VARIABLE = YES;
				IPHONEOS_DEPLOYMENT_TARGET = 13.2;
				MTL_ENABLE_DEBUG_INFO = NO;
				MTL_FAST_MATH = YES;
				SDKROOT = iphoneos;
				SWIFT_COMPILATION_MODE = wholemodule;
				SWIFT_OPTIMIZATION_LEVEL = "-O";
				VALIDATE_PRODUCT = YES;
			};
			name = Release;
		};
		F262BC5323B7301D006EE628 /* Debug */ = {
			isa = XCBuildConfiguration;
			buildSettings = {
				ALWAYS_EMBED_SWIFT_STANDARD_LIBRARIES = YES;
				ASSETCATALOG_COMPILER_APPICON_NAME = AppIcon;
				CODE_SIGN_ENTITLEMENTS = IntoTheWild/IntoTheWild.entitlements;
				CODE_SIGN_STYLE = Automatic;
				CURRENT_PROJECT_VERSION = 5;
				DEVELOPMENT_ASSET_PATHS = "\"IntoTheWild/Preview Content\"";
				DEVELOPMENT_TEAM = Q6PD97MRX4;
				ENABLE_PREVIEWS = YES;
				INFOPLIST_FILE = IntoTheWild/Info.plist;
				INFOPLIST_KEY_CFBundleDisplayName = "Been Outside";
				INFOPLIST_KEY_LSApplicationCategoryType = "public.app-category.entertainment";
				IPHONEOS_DEPLOYMENT_TARGET = 16.0;
				LD_RUNPATH_SEARCH_PATHS = (
					"$(inherited)",
					"@executable_path/Frameworks",
				);
				MARKETING_VERSION = 1;
				PRODUCT_BUNDLE_IDENTIFIER = de.dasdom.beenoutside;
				PRODUCT_NAME = "$(TARGET_NAME)";
				SUPPORTED_PLATFORMS = "iphoneos iphonesimulator";
				SUPPORTS_MACCATALYST = NO;
				SUPPORTS_MAC_DESIGNED_FOR_IPHONE_IPAD = NO;
				SWIFT_VERSION = 5.0;
				TARGETED_DEVICE_FAMILY = 1;
			};
			name = Debug;
		};
		F262BC5423B7301D006EE628 /* Release */ = {
			isa = XCBuildConfiguration;
			buildSettings = {
				ALWAYS_EMBED_SWIFT_STANDARD_LIBRARIES = YES;
				ASSETCATALOG_COMPILER_APPICON_NAME = AppIcon;
				CODE_SIGN_ENTITLEMENTS = IntoTheWild/IntoTheWild.entitlements;
				CODE_SIGN_STYLE = Automatic;
				CURRENT_PROJECT_VERSION = 5;
				DEVELOPMENT_ASSET_PATHS = "\"IntoTheWild/Preview Content\"";
				DEVELOPMENT_TEAM = Q6PD97MRX4;
				ENABLE_PREVIEWS = YES;
				INFOPLIST_FILE = IntoTheWild/Info.plist;
				INFOPLIST_KEY_CFBundleDisplayName = "Been Outside";
				INFOPLIST_KEY_LSApplicationCategoryType = "public.app-category.entertainment";
				IPHONEOS_DEPLOYMENT_TARGET = 16.0;
				LD_RUNPATH_SEARCH_PATHS = (
					"$(inherited)",
					"@executable_path/Frameworks",
				);
				MARKETING_VERSION = 1;
				PRODUCT_BUNDLE_IDENTIFIER = de.dasdom.beenoutside;
				PRODUCT_NAME = "$(TARGET_NAME)";
				SUPPORTED_PLATFORMS = "iphoneos iphonesimulator";
				SUPPORTS_MACCATALYST = NO;
				SUPPORTS_MAC_DESIGNED_FOR_IPHONE_IPAD = NO;
				SWIFT_VERSION = 5.0;
				TARGETED_DEVICE_FAMILY = 1;
			};
			name = Release;
		};
/* End XCBuildConfiguration section */

/* Begin XCConfigurationList section */
		F21186F928FBF40F00109CD1 /* Build configuration list for PBXNativeTarget "TimeWidgetExtension" */ = {
			isa = XCConfigurationList;
			buildConfigurations = (
				F21186FA28FBF40F00109CD1 /* Debug */,
				F21186FB28FBF40F00109CD1 /* Release */,
			);
			defaultConfigurationIsVisible = 0;
			defaultConfigurationName = Release;
		};
		F228A4D428E96EA3007EF4E3 /* Build configuration list for PBXNativeTarget "BeenOutsideTests" */ = {
			isa = XCConfigurationList;
			buildConfigurations = (
				F228A4D528E96EA3007EF4E3 /* Debug */,
				F228A4D628E96EA3007EF4E3 /* Release */,
			);
			defaultConfigurationIsVisible = 0;
			defaultConfigurationName = Release;
		};
		F262BC3923B73012006EE628 /* Build configuration list for PBXProject "BeenOutside" */ = {
			isa = XCConfigurationList;
			buildConfigurations = (
				F262BC5023B7301D006EE628 /* Debug */,
				F262BC5123B7301D006EE628 /* Release */,
			);
			defaultConfigurationIsVisible = 0;
			defaultConfigurationName = Release;
		};
		F262BC5223B7301D006EE628 /* Build configuration list for PBXNativeTarget "BeenOutside" */ = {
			isa = XCConfigurationList;
			buildConfigurations = (
				F262BC5323B7301D006EE628 /* Debug */,
				F262BC5423B7301D006EE628 /* Release */,
			);
			defaultConfigurationIsVisible = 0;
			defaultConfigurationName = Release;
		};
/* End XCConfigurationList section */

/* Begin XCRemoteSwiftPackageReference section */
		F228A4D928EAD356007EF4E3 /* XCRemoteSwiftPackageReference "Lighter" */ = {
			isa = XCRemoteSwiftPackageReference;
			repositoryURL = "https://github.com/Lighter-swift/Lighter";
			requirement = {
				kind = upToNextMajorVersion;
				minimumVersion = 1.0.0;
			};
		};
/* End XCRemoteSwiftPackageReference section */

/* Begin XCSwiftPackageProductDependency section */
		F211870728FBFEF200109CD1 /* Lighter */ = {
			isa = XCSwiftPackageProductDependency;
			package = F228A4D928EAD356007EF4E3 /* XCRemoteSwiftPackageReference "Lighter" */;
			productName = Lighter;
		};
		F228A4DA28EAD356007EF4E3 /* Lighter */ = {
			isa = XCSwiftPackageProductDependency;
			package = F228A4D928EAD356007EF4E3 /* XCRemoteSwiftPackageReference "Lighter" */;
			productName = Lighter;
		};
/* End XCSwiftPackageProductDependency section */
	};
	rootObject = F262BC3623B73012006EE628 /* Project object */;
}
